
Microsoft Visual Studio Solution File, Format Version 12.00
# Visual Studio Version 17
VisualStudioVersion = 17.10.35004.147
MinimumVisualStudioVersion = 10.0.40219.1
Project("{9A19103F-16F7-4668-BE54-9A1E7A4F7556}") = "Azure.AI.OpenAI", "Azure.AI.OpenAI\src\Azure.AI.OpenAI.csproj", "{A80B9566-84A5-4AE4-AA0A-72B18646F1EC}"
EndProject
Project("{9A19103F-16F7-4668-BE54-9A1E7A4F7556}") = "OpenAI", "..\..\..\.dotnet\src\OpenAI.csproj", "{8BEE571B-DB25-4BE5-B9EB-2CA81D12EBC6}"
EndProject
Project("{9A19103F-16F7-4668-BE54-9A1E7A4F7556}") = "Azure.AI.OpenAI.Tests", "Azure.AI.OpenAI\tests\Azure.AI.OpenAI.Tests.csproj", "{23DAB09E-3986-4248-AC80-2273C20FCD90}"
EndProject
Project("{9A19103F-16F7-4668-BE54-9A1E7A4F7556}") = "OpenAI.TestFramework", "tools\TestFramework\src\OpenAI.TestFramework.csproj", "{D1E3E196-BAA8-47C2-905A-B1C20733AEA8}"
EndProject
Global
	GlobalSection(SolutionConfigurationPlatforms) = preSolution
		Unsigned|Any CPU = Unsigned|Any CPU
	EndGlobalSection
	GlobalSection(ProjectConfigurationPlatforms) = postSolution
		{A80B9566-84A5-4AE4-AA0A-72B18646F1EC}.Unsigned|Any CPU.ActiveCfg = Debug|Any CPU
		{A80B9566-84A5-4AE4-AA0A-72B18646F1EC}.Unsigned|Any CPU.Build.0 = Debug|Any CPU
		{8BEE571B-DB25-4BE5-B9EB-2CA81D12EBC6}.Unsigned|Any CPU.ActiveCfg = Unsigned|Any CPU
		{8BEE571B-DB25-4BE5-B9EB-2CA81D12EBC6}.Unsigned|Any CPU.Build.0 = Unsigned|Any CPU
		{23DAB09E-3986-4248-AC80-2273C20FCD90}.Unsigned|Any CPU.ActiveCfg = Debug|Any CPU
		{23DAB09E-3986-4248-AC80-2273C20FCD90}.Unsigned|Any CPU.Build.0 = Debug|Any CPU
		{D1E3E196-BAA8-47C2-905A-B1C20733AEA8}.Unsigned|Any CPU.ActiveCfg = Debug|Any CPU
		{D1E3E196-BAA8-47C2-905A-B1C20733AEA8}.Unsigned|Any CPU.Build.0 = Debug|Any CPU
	EndGlobalSection
	GlobalSection(SolutionProperties) = preSolution
		HideSolutionNode = FALSE
	EndGlobalSection
	GlobalSection(ExtensibilityGlobals) = postSolution
		SolutionGuid = {A68497E4-547C-42B4-8EE4-6776A8238EE4}
	EndGlobalSection
EndGlobal
